
Microsoft Visual Studio Solution File, Format Version 12.00
# Visual Studio Version 16
VisualStudioVersion = 16.0.29230.47
MinimumVisualStudioVersion = 10.0.40219.1
Project("{9A19103F-16F7-4668-BE54-9A1E7A4F7556}") = "Battleship", "Battleship\Battleship.csproj", "{6ECB0758-5B01-49B6-AE8A-708236227F72}"
EndProject
Project("{2150E333-8FDC-42A3-9474-1A3956D46DE8}") = "Solution Items", "Solution Items", "{1E93A4B1-78C3-4A9C-A927-AE8B1307C156}"
	ProjectSection(SolutionItems) = preProject
		.editorconfig = .editorconfig
		.gitignore = .gitignore
	EndProjectSection
EndProject
Global
	GlobalSection(SolutionConfigurationPlatforms) = preSolution
		Debug|Any CPU = Debug|Any CPU
		Release|Any CPU = Release|Any CPU
	EndGlobalSection
	GlobalSection(ProjectConfigurationPlatforms) = postSolution
		{6ECB0758-5B01-49B6-AE8A-708236227F72}.Debug|Any CPU.ActiveCfg = Debug|Any CPU
		{6ECB0758-5B01-49B6-AE8A-708236227F72}.Debug|Any CPU.Build.0 = Debug|Any CPU
		{6ECB0758-5B01-49B6-AE8A-708236227F72}.Release|Any CPU.ActiveCfg = Release|Any CPU
		{6ECB0758-5B01-49B6-AE8A-708236227F72}.Release|Any CPU.Build.0 = Release|Any CPU
	EndGlobalSection
	GlobalSection(SolutionProperties) = preSolution
		HideSolutionNode = FALSE
	EndGlobalSection
	GlobalSection(ExtensibilityGlobals) = postSolution
		SolutionGuid = {ABF42B72-D25B-4E3C-9028-EA8D4AE93BA4}
	EndGlobalSection
EndGlobal
